// !$*UTF8*$!
{
	archiveVersion = 1;
	classes = {
	};
	objectVersion = 77;
	objects = {

/* Begin PBXBuildFile section */
		093063252DF1DD55009CFC98 /* AccountSummaryViewController.swift in Sources */ = {isa = PBXBuildFile; fileRef = 093063242DF1DD55009CFC98 /* AccountSummaryViewController.swift */; };
<<<<<<< HEAD
		093063272DF1E3BF009CFC98 /* AccountSummaryHeaderView.swift in Sources */ = {isa = PBXBuildFile; fileRef = 093063262DF1E3BF009CFC98 /* AccountSummaryHeaderView.swift */; };
		093063292DF1E425009CFC98 /* AccountSummaryHeaderView.xib in Resources */ = {isa = PBXBuildFile; fileRef = 093063282DF1E425009CFC98 /* AccountSummaryHeaderView.xib */; };
=======
>>>>>>> 48a6ab2c1de66d1e9c9468c4e725a49d253f4125
		0931F4A52DF09E28004E3728 /* UIViewController+Utils.swift in Sources */ = {isa = PBXBuildFile; fileRef = 0931F4A42DF09E28004E3728 /* UIViewController+Utils.swift */; };
		0931F4A72DF09F61004E3728 /* MainViewController.swift in Sources */ = {isa = PBXBuildFile; fileRef = 0931F4A62DF09F61004E3728 /* MainViewController.swift */; };
		0971F6672DE758300059A91F /* AppDelegate.swift in Sources */ = {isa = PBXBuildFile; fileRef = 0971F6662DE758300059A91F /* AppDelegate.swift */; };
		0971F66B2DE758300059A91F /* LoginViewController.swift in Sources */ = {isa = PBXBuildFile; fileRef = 0971F66A2DE758300059A91F /* LoginViewController.swift */; };
		0971F6812DE76EFD0059A91F /* LoginView.swift in Sources */ = {isa = PBXBuildFile; fileRef = 0971F6802DE76EFD0059A91F /* LoginView.swift */; };
		09D252DE2DEF506D00E2EB82 /* DummyViewController.swift in Sources */ = {isa = PBXBuildFile; fileRef = 09D252DD2DEF506D00E2EB82 /* DummyViewController.swift */; };
		09D252E12DEF614300E2EB82 /* LocalState.swift in Sources */ = {isa = PBXBuildFile; fileRef = 09D252E02DEF614300E2EB82 /* LocalState.swift */; };
		09FF01E52DEDF5DF00D0616C /* OnboardingContainerViewViewController.swift in Sources */ = {isa = PBXBuildFile; fileRef = 09FF01E42DEDF5DF00D0616C /* OnboardingContainerViewViewController.swift */; };
		09FF01E72DEDFE3800D0616C /* OnboardingViewController.swift in Sources */ = {isa = PBXBuildFile; fileRef = 09FF01E62DEDFE3800D0616C /* OnboardingViewController.swift */; };
/* End PBXBuildFile section */

/* Begin PBXFileReference section */
		093063242DF1DD55009CFC98 /* AccountSummaryViewController.swift */ = {isa = PBXFileReference; lastKnownFileType = sourcecode.swift; path = AccountSummaryViewController.swift; sourceTree = "<group>"; };
<<<<<<< HEAD
		093063262DF1E3BF009CFC98 /* AccountSummaryHeaderView.swift */ = {isa = PBXFileReference; lastKnownFileType = sourcecode.swift; path = AccountSummaryHeaderView.swift; sourceTree = "<group>"; };
		093063282DF1E425009CFC98 /* AccountSummaryHeaderView.xib */ = {isa = PBXFileReference; lastKnownFileType = file.xib; path = AccountSummaryHeaderView.xib; sourceTree = "<group>"; };
=======
>>>>>>> 48a6ab2c1de66d1e9c9468c4e725a49d253f4125
		0931F4A42DF09E28004E3728 /* UIViewController+Utils.swift */ = {isa = PBXFileReference; lastKnownFileType = sourcecode.swift; path = "UIViewController+Utils.swift"; sourceTree = "<group>"; };
		0931F4A62DF09F61004E3728 /* MainViewController.swift */ = {isa = PBXFileReference; lastKnownFileType = sourcecode.swift; path = MainViewController.swift; sourceTree = "<group>"; };
		0971F6632DE758300059A91F /* Bankey.app */ = {isa = PBXFileReference; explicitFileType = wrapper.application; includeInIndex = 0; path = Bankey.app; sourceTree = BUILT_PRODUCTS_DIR; };
		0971F6662DE758300059A91F /* AppDelegate.swift */ = {isa = PBXFileReference; lastKnownFileType = sourcecode.swift; path = AppDelegate.swift; sourceTree = "<group>"; };
		0971F66A2DE758300059A91F /* LoginViewController.swift */ = {isa = PBXFileReference; lastKnownFileType = sourcecode.swift; path = LoginViewController.swift; sourceTree = "<group>"; };
		0971F6802DE76EFD0059A91F /* LoginView.swift */ = {isa = PBXFileReference; lastKnownFileType = sourcecode.swift; path = LoginView.swift; sourceTree = "<group>"; };
		0971F6852DE788050059A91F /* Info.plist */ = {isa = PBXFileReference; lastKnownFileType = text.plist.xml; path = Info.plist; sourceTree = "<group>"; };
		09D252DD2DEF506D00E2EB82 /* DummyViewController.swift */ = {isa = PBXFileReference; lastKnownFileType = sourcecode.swift; path = DummyViewController.swift; sourceTree = "<group>"; };
		09D252E02DEF614300E2EB82 /* LocalState.swift */ = {isa = PBXFileReference; lastKnownFileType = sourcecode.swift; path = LocalState.swift; sourceTree = "<group>"; };
		09FF01E42DEDF5DF00D0616C /* OnboardingContainerViewViewController.swift */ = {isa = PBXFileReference; lastKnownFileType = sourcecode.swift; path = OnboardingContainerViewViewController.swift; sourceTree = "<group>"; };
		09FF01E62DEDFE3800D0616C /* OnboardingViewController.swift */ = {isa = PBXFileReference; lastKnownFileType = sourcecode.swift; path = OnboardingViewController.swift; sourceTree = "<group>"; };
/* End PBXFileReference section */

/* Begin PBXFileSystemSynchronizedRootGroup section */
		0971F6652DE758300059A91F /* Files */ = {
			isa = PBXFileSystemSynchronizedRootGroup;
			path = Files;
			sourceTree = "<group>";
		};
/* End PBXFileSystemSynchronizedRootGroup section */

/* Begin PBXFrameworksBuildPhase section */
		0971F6602DE758300059A91F /* Frameworks */ = {
			isa = PBXFrameworksBuildPhase;
			buildActionMask = 2147483647;
			files = (
			);
			runOnlyForDeploymentPostprocessing = 0;
		};
/* End PBXFrameworksBuildPhase section */

/* Begin PBXGroup section */
		093063232DF1DCB5009CFC98 /* AccountSummary */ = {
			isa = PBXGroup;
			children = (
				093063242DF1DD55009CFC98 /* AccountSummaryViewController.swift */,
<<<<<<< HEAD
				093063262DF1E3BF009CFC98 /* AccountSummaryHeaderView.swift */,
				093063282DF1E425009CFC98 /* AccountSummaryHeaderView.xib */,
=======
>>>>>>> 48a6ab2c1de66d1e9c9468c4e725a49d253f4125
			);
			path = AccountSummary;
			sourceTree = "<group>";
		};
		0971F65A2DE758300059A91F = {
			isa = PBXGroup;
			children = (
				0971F67D2DE76DA00059A91F /* Bankey */,
				0971F6642DE758300059A91F /* Products */,
			);
			sourceTree = "<group>";
		};
		0971F6642DE758300059A91F /* Products */ = {
			isa = PBXGroup;
			children = (
				0971F6632DE758300059A91F /* Bankey.app */,
			);
			name = Products;
			sourceTree = "<group>";
		};
		0971F67D2DE76DA00059A91F /* Bankey */ = {
			isa = PBXGroup;
			children = (
				0971F6662DE758300059A91F /* AppDelegate.swift */,
				0931F4A62DF09F61004E3728 /* MainViewController.swift */,
				0971F67F2DE76E970059A91F /* Login */,
				09FF01E32DEDF31400D0616C /* Onboarding */,
				093063232DF1DCB5009CFC98 /* AccountSummary */,
				09D252DF2DEF610D00E2EB82 /* Utils */,
				0971F6852DE788050059A91F /* Info.plist */,
				0971F6652DE758300059A91F /* Files */,
			);
			name = Bankey;
			sourceTree = "<group>";
		};
		0971F67F2DE76E970059A91F /* Login */ = {
			isa = PBXGroup;
			children = (
				0971F66A2DE758300059A91F /* LoginViewController.swift */,
				0971F6802DE76EFD0059A91F /* LoginView.swift */,
				09D252DD2DEF506D00E2EB82 /* DummyViewController.swift */,
			);
			path = Login;
			sourceTree = "<group>";
		};
		09D252DF2DEF610D00E2EB82 /* Utils */ = {
			isa = PBXGroup;
			children = (
				09D252E02DEF614300E2EB82 /* LocalState.swift */,
				0931F4A42DF09E28004E3728 /* UIViewController+Utils.swift */,
			);
			path = Utils;
			sourceTree = "<group>";
		};
		09FF01E32DEDF31400D0616C /* Onboarding */ = {
			isa = PBXGroup;
			children = (
				09FF01E42DEDF5DF00D0616C /* OnboardingContainerViewViewController.swift */,
				09FF01E62DEDFE3800D0616C /* OnboardingViewController.swift */,
			);
			path = Onboarding;
			sourceTree = "<group>";
		};
/* End PBXGroup section */

/* Begin PBXNativeTarget section */
		0971F6622DE758300059A91F /* Bankey */ = {
			isa = PBXNativeTarget;
			buildConfigurationList = 0971F6762DE758300059A91F /* Build configuration list for PBXNativeTarget "Bankey" */;
			buildPhases = (
				0971F65F2DE758300059A91F /* Sources */,
				0971F6602DE758300059A91F /* Frameworks */,
				0971F6612DE758300059A91F /* Resources */,
			);
			buildRules = (
			);
			dependencies = (
			);
			fileSystemSynchronizedGroups = (
				0971F6652DE758300059A91F /* Files */,
			);
			name = Bankey;
			packageProductDependencies = (
			);
			productName = Bankey;
			productReference = 0971F6632DE758300059A91F /* Bankey.app */;
			productType = "com.apple.product-type.application";
		};
/* End PBXNativeTarget section */

/* Begin PBXProject section */
		0971F65B2DE758300059A91F /* Project object */ = {
			isa = PBXProject;
			attributes = {
				BuildIndependentTargetsInParallel = 1;
				LastSwiftUpdateCheck = 1620;
				LastUpgradeCheck = 1620;
				TargetAttributes = {
					0971F6622DE758300059A91F = {
						CreatedOnToolsVersion = 16.2;
					};
				};
			};
			buildConfigurationList = 0971F65E2DE758300059A91F /* Build configuration list for PBXProject "Bankey" */;
			developmentRegion = en;
			hasScannedForEncodings = 0;
			knownRegions = (
				en,
				Base,
			);
			mainGroup = 0971F65A2DE758300059A91F;
			minimizedProjectReferenceProxies = 1;
			preferredProjectObjectVersion = 77;
			productRefGroup = 0971F6642DE758300059A91F /* Products */;
			projectDirPath = "";
			projectRoot = "";
			targets = (
				0971F6622DE758300059A91F /* Bankey */,
			);
		};
/* End PBXProject section */

/* Begin PBXResourcesBuildPhase section */
		0971F6612DE758300059A91F /* Resources */ = {
			isa = PBXResourcesBuildPhase;
			buildActionMask = 2147483647;
			files = (
				093063292DF1E425009CFC98 /* AccountSummaryHeaderView.xib in Resources */,
			);
			runOnlyForDeploymentPostprocessing = 0;
		};
/* End PBXResourcesBuildPhase section */

/* Begin PBXSourcesBuildPhase section */
		0971F65F2DE758300059A91F /* Sources */ = {
			isa = PBXSourcesBuildPhase;
			buildActionMask = 2147483647;
			files = (
				0931F4A52DF09E28004E3728 /* UIViewController+Utils.swift in Sources */,
				0971F6812DE76EFD0059A91F /* LoginView.swift in Sources */,
				09D252E12DEF614300E2EB82 /* LocalState.swift in Sources */,
				093063272DF1E3BF009CFC98 /* AccountSummaryHeaderView.swift in Sources */,
				09D252DE2DEF506D00E2EB82 /* DummyViewController.swift in Sources */,
				0971F66B2DE758300059A91F /* LoginViewController.swift in Sources */,
				09FF01E72DEDFE3800D0616C /* OnboardingViewController.swift in Sources */,
				0931F4A72DF09F61004E3728 /* MainViewController.swift in Sources */,
				093063252DF1DD55009CFC98 /* AccountSummaryViewController.swift in Sources */,
				09FF01E52DEDF5DF00D0616C /* OnboardingContainerViewViewController.swift in Sources */,
				0971F6672DE758300059A91F /* AppDelegate.swift in Sources */,
			);
			runOnlyForDeploymentPostprocessing = 0;
		};
/* End PBXSourcesBuildPhase section */

/* Begin XCBuildConfiguration section */
		0971F6772DE758300059A91F /* Debug */ = {
			isa = XCBuildConfiguration;
			buildSettings = {
				ASSETCATALOG_COMPILER_APPICON_NAME = AppIcon;
				ASSETCATALOG_COMPILER_GLOBAL_ACCENT_COLOR_NAME = AccentColor;
				CODE_SIGN_STYLE = Automatic;
				CURRENT_PROJECT_VERSION = 1;
				GENERATE_INFOPLIST_FILE = YES;
				INFOPLIST_FILE = Info.plist;
				INFOPLIST_KEY_UIApplicationSupportsIndirectInputEvents = YES;
				INFOPLIST_KEY_UILaunchStoryboardName = LaunchScreen;
				INFOPLIST_KEY_UIMainStoryboardFile = "";
				INFOPLIST_KEY_UISupportedInterfaceOrientations_iPad = "UIInterfaceOrientationPortrait UIInterfaceOrientationPortraitUpsideDown UIInterfaceOrientationLandscapeLeft UIInterfaceOrientationLandscapeRight";
				INFOPLIST_KEY_UISupportedInterfaceOrientations_iPhone = "UIInterfaceOrientationPortrait UIInterfaceOrientationLandscapeLeft UIInterfaceOrientationLandscapeRight";
				LD_RUNPATH_SEARCH_PATHS = (
					"$(inherited)",
					"@executable_path/Frameworks",
				);
				MARKETING_VERSION = 1.0;
				PRODUCT_BUNDLE_IDENTIFIER = com.rsc.Bankey;
				PRODUCT_NAME = "$(TARGET_NAME)";
				SWIFT_EMIT_LOC_STRINGS = YES;
				SWIFT_VERSION = 5.0;
				TARGETED_DEVICE_FAMILY = "1,2";
			};
			name = Debug;
		};
		0971F6782DE758300059A91F /* Release */ = {
			isa = XCBuildConfiguration;
			buildSettings = {
				ASSETCATALOG_COMPILER_APPICON_NAME = AppIcon;
				ASSETCATALOG_COMPILER_GLOBAL_ACCENT_COLOR_NAME = AccentColor;
				CODE_SIGN_STYLE = Automatic;
				CURRENT_PROJECT_VERSION = 1;
				GENERATE_INFOPLIST_FILE = YES;
				INFOPLIST_FILE = Info.plist;
				INFOPLIST_KEY_UIApplicationSupportsIndirectInputEvents = YES;
				INFOPLIST_KEY_UILaunchStoryboardName = LaunchScreen;
				INFOPLIST_KEY_UIMainStoryboardFile = "";
				INFOPLIST_KEY_UISupportedInterfaceOrientations_iPad = "UIInterfaceOrientationPortrait UIInterfaceOrientationPortraitUpsideDown UIInterfaceOrientationLandscapeLeft UIInterfaceOrientationLandscapeRight";
				INFOPLIST_KEY_UISupportedInterfaceOrientations_iPhone = "UIInterfaceOrientationPortrait UIInterfaceOrientationLandscapeLeft UIInterfaceOrientationLandscapeRight";
				LD_RUNPATH_SEARCH_PATHS = (
					"$(inherited)",
					"@executable_path/Frameworks",
				);
				MARKETING_VERSION = 1.0;
				PRODUCT_BUNDLE_IDENTIFIER = com.rsc.Bankey;
				PRODUCT_NAME = "$(TARGET_NAME)";
				SWIFT_EMIT_LOC_STRINGS = YES;
				SWIFT_VERSION = 5.0;
				TARGETED_DEVICE_FAMILY = "1,2";
			};
			name = Release;
		};
		0971F6792DE758300059A91F /* Debug */ = {
			isa = XCBuildConfiguration;
			buildSettings = {
				ALWAYS_SEARCH_USER_PATHS = NO;
				ASSETCATALOG_COMPILER_GENERATE_SWIFT_ASSET_SYMBOL_EXTENSIONS = YES;
				CLANG_ANALYZER_NONNULL = YES;
				CLANG_ANALYZER_NUMBER_OBJECT_CONVERSION = YES_AGGRESSIVE;
				CLANG_CXX_LANGUAGE_STANDARD = "gnu++20";
				CLANG_ENABLE_MODULES = YES;
				CLANG_ENABLE_OBJC_ARC = YES;
				CLANG_ENABLE_OBJC_WEAK = YES;
				CLANG_WARN_BLOCK_CAPTURE_AUTORELEASING = YES;
				CLANG_WARN_BOOL_CONVERSION = YES;
				CLANG_WARN_COMMA = YES;
				CLANG_WARN_CONSTANT_CONVERSION = YES;
				CLANG_WARN_DEPRECATED_OBJC_IMPLEMENTATIONS = YES;
				CLANG_WARN_DIRECT_OBJC_ISA_USAGE = YES_ERROR;
				CLANG_WARN_DOCUMENTATION_COMMENTS = YES;
				CLANG_WARN_EMPTY_BODY = YES;
				CLANG_WARN_ENUM_CONVERSION = YES;
				CLANG_WARN_INFINITE_RECURSION = YES;
				CLANG_WARN_INT_CONVERSION = YES;
				CLANG_WARN_NON_LITERAL_NULL_CONVERSION = YES;
				CLANG_WARN_OBJC_IMPLICIT_RETAIN_SELF = YES;
				CLANG_WARN_OBJC_LITERAL_CONVERSION = YES;
				CLANG_WARN_OBJC_ROOT_CLASS = YES_ERROR;
				CLANG_WARN_QUOTED_INCLUDE_IN_FRAMEWORK_HEADER = YES;
				CLANG_WARN_RANGE_LOOP_ANALYSIS = YES;
				CLANG_WARN_STRICT_PROTOTYPES = YES;
				CLANG_WARN_SUSPICIOUS_MOVE = YES;
				CLANG_WARN_UNGUARDED_AVAILABILITY = YES_AGGRESSIVE;
				CLANG_WARN_UNREACHABLE_CODE = YES;
				CLANG_WARN__DUPLICATE_METHOD_MATCH = YES;
				COPY_PHASE_STRIP = NO;
				DEBUG_INFORMATION_FORMAT = dwarf;
				ENABLE_STRICT_OBJC_MSGSEND = YES;
				ENABLE_TESTABILITY = YES;
				ENABLE_USER_SCRIPT_SANDBOXING = YES;
				GCC_C_LANGUAGE_STANDARD = gnu17;
				GCC_DYNAMIC_NO_PIC = NO;
				GCC_NO_COMMON_BLOCKS = YES;
				GCC_OPTIMIZATION_LEVEL = 0;
				GCC_PREPROCESSOR_DEFINITIONS = (
					"DEBUG=1",
					"$(inherited)",
				);
				GCC_WARN_64_TO_32_BIT_CONVERSION = YES;
				GCC_WARN_ABOUT_RETURN_TYPE = YES_ERROR;
				GCC_WARN_UNDECLARED_SELECTOR = YES;
				GCC_WARN_UNINITIALIZED_AUTOS = YES_AGGRESSIVE;
				GCC_WARN_UNUSED_FUNCTION = YES;
				GCC_WARN_UNUSED_VARIABLE = YES;
				INFOPLIST_FILE = "/Users/leandroguimaraes/Documents/Estudos/ios/ios-professional/Bankey/Files/Info.plist";
				"INFOPLIST_FILE[sdk=*]" = "/Users/leandroguimaraes/Documents/Estudos/ios/ios-professional/Bankey/Files/Info.plist";
				IPHONEOS_DEPLOYMENT_TARGET = 18.2;
				LOCALIZATION_PREFERS_STRING_CATALOGS = YES;
				MTL_ENABLE_DEBUG_INFO = INCLUDE_SOURCE;
				MTL_FAST_MATH = YES;
				ONLY_ACTIVE_ARCH = YES;
				SDKROOT = iphoneos;
				SWIFT_ACTIVE_COMPILATION_CONDITIONS = "DEBUG $(inherited)";
				SWIFT_OPTIMIZATION_LEVEL = "-Onone";
			};
			name = Debug;
		};
		0971F67A2DE758300059A91F /* Release */ = {
			isa = XCBuildConfiguration;
			buildSettings = {
				ALWAYS_SEARCH_USER_PATHS = NO;
				ASSETCATALOG_COMPILER_GENERATE_SWIFT_ASSET_SYMBOL_EXTENSIONS = YES;
				CLANG_ANALYZER_NONNULL = YES;
				CLANG_ANALYZER_NUMBER_OBJECT_CONVERSION = YES_AGGRESSIVE;
				CLANG_CXX_LANGUAGE_STANDARD = "gnu++20";
				CLANG_ENABLE_MODULES = YES;
				CLANG_ENABLE_OBJC_ARC = YES;
				CLANG_ENABLE_OBJC_WEAK = YES;
				CLANG_WARN_BLOCK_CAPTURE_AUTORELEASING = YES;
				CLANG_WARN_BOOL_CONVERSION = YES;
				CLANG_WARN_COMMA = YES;
				CLANG_WARN_CONSTANT_CONVERSION = YES;
				CLANG_WARN_DEPRECATED_OBJC_IMPLEMENTATIONS = YES;
				CLANG_WARN_DIRECT_OBJC_ISA_USAGE = YES_ERROR;
				CLANG_WARN_DOCUMENTATION_COMMENTS = YES;
				CLANG_WARN_EMPTY_BODY = YES;
				CLANG_WARN_ENUM_CONVERSION = YES;
				CLANG_WARN_INFINITE_RECURSION = YES;
				CLANG_WARN_INT_CONVERSION = YES;
				CLANG_WARN_NON_LITERAL_NULL_CONVERSION = YES;
				CLANG_WARN_OBJC_IMPLICIT_RETAIN_SELF = YES;
				CLANG_WARN_OBJC_LITERAL_CONVERSION = YES;
				CLANG_WARN_OBJC_ROOT_CLASS = YES_ERROR;
				CLANG_WARN_QUOTED_INCLUDE_IN_FRAMEWORK_HEADER = YES;
				CLANG_WARN_RANGE_LOOP_ANALYSIS = YES;
				CLANG_WARN_STRICT_PROTOTYPES = YES;
				CLANG_WARN_SUSPICIOUS_MOVE = YES;
				CLANG_WARN_UNGUARDED_AVAILABILITY = YES_AGGRESSIVE;
				CLANG_WARN_UNREACHABLE_CODE = YES;
				CLANG_WARN__DUPLICATE_METHOD_MATCH = YES;
				COPY_PHASE_STRIP = NO;
				DEBUG_INFORMATION_FORMAT = "dwarf-with-dsym";
				ENABLE_NS_ASSERTIONS = NO;
				ENABLE_STRICT_OBJC_MSGSEND = YES;
				ENABLE_USER_SCRIPT_SANDBOXING = YES;
				GCC_C_LANGUAGE_STANDARD = gnu17;
				GCC_NO_COMMON_BLOCKS = YES;
				GCC_WARN_64_TO_32_BIT_CONVERSION = YES;
				GCC_WARN_ABOUT_RETURN_TYPE = YES_ERROR;
				GCC_WARN_UNDECLARED_SELECTOR = YES;
				GCC_WARN_UNINITIALIZED_AUTOS = YES_AGGRESSIVE;
				GCC_WARN_UNUSED_FUNCTION = YES;
				GCC_WARN_UNUSED_VARIABLE = YES;
				INFOPLIST_FILE = "/Users/leandroguimaraes/Documents/Estudos/ios/ios-professional/Bankey/Files/Info.plist";
				IPHONEOS_DEPLOYMENT_TARGET = 18.2;
				LOCALIZATION_PREFERS_STRING_CATALOGS = YES;
				MTL_ENABLE_DEBUG_INFO = NO;
				MTL_FAST_MATH = YES;
				SDKROOT = iphoneos;
				SWIFT_COMPILATION_MODE = wholemodule;
				VALIDATE_PRODUCT = YES;
			};
			name = Release;
		};
/* End XCBuildConfiguration section */

/* Begin XCConfigurationList section */
		0971F65E2DE758300059A91F /* Build configuration list for PBXProject "Bankey" */ = {
			isa = XCConfigurationList;
			buildConfigurations = (
				0971F6792DE758300059A91F /* Debug */,
				0971F67A2DE758300059A91F /* Release */,
			);
			defaultConfigurationIsVisible = 0;
			defaultConfigurationName = Release;
		};
		0971F6762DE758300059A91F /* Build configuration list for PBXNativeTarget "Bankey" */ = {
			isa = XCConfigurationList;
			buildConfigurations = (
				0971F6772DE758300059A91F /* Debug */,
				0971F6782DE758300059A91F /* Release */,
			);
			defaultConfigurationIsVisible = 0;
			defaultConfigurationName = Release;
		};
/* End XCConfigurationList section */
	};
	rootObject = 0971F65B2DE758300059A91F /* Project object */;
}
